
Microsoft Visual Studio Solution File, Format Version 12.00
# Visual Studio Version 17
VisualStudioVersion = 17.8.34316.72
MinimumVisualStudioVersion = 10.0.40219.1
Project("{FAE04EC0-301F-11D3-BF4B-00C04F79EFBC}") = "WpfApp1", "WpfApp1\WpfApp1.csproj", "{E1766EA4-0D98-4472-8E30-759EDFF93FA0}"
EndProject
Global
	GlobalSection(SolutionConfigurationPlatforms) = preSolution
		Debug|Any CPU = Debug|Any CPU
		Release|Any CPU = Release|Any CPU
	EndGlobalSection
	GlobalSection(ProjectConfigurationPlatforms) = postSolution
		{E1766EA4-0D98-4472-8E30-759EDFF93FA0}.Debug|Any CPU.ActiveCfg = Debug|Any CPU
		{E1766EA4-0D98-4472-8E30-759EDFF93FA0}.Debug|Any CPU.Build.0 = Debug|Any CPU
		{E1766EA4-0D98-4472-8E30-759EDFF93FA0}.Release|Any CPU.ActiveCfg = Release|Any CPU
		{E1766EA4-0D98-4472-8E30-759EDFF93FA0}.Release|Any CPU.Build.0 = Release|Any CPU
	EndGlobalSection
	GlobalSection(SolutionProperties) = preSolution
		HideSolutionNode = FALSE
	EndGlobalSection
	GlobalSection(ExtensibilityGlobals) = postSolution
		SolutionGuid = {ABD59371-6324-4474-88FC-7FEB638050CE}
	EndGlobalSection
EndGlobal
